// !$*UTF8*$!
{
	archiveVersion = 1;
	classes = {
	};
	objectVersion = 46;
	objects = {

/* Begin PBXBuildFile section */
		05D6ED991495FEEB347EDC27 /* Pods_FirstApp9.framework in Frameworks */ = {isa = PBXBuildFile; fileRef = 2B2405CE1C99BFC2257DAB49 /* Pods_FirstApp9.framework */; };
		1B25ED381DD806AE006EA9E9 /* AppDelegate.swift in Sources */ = {isa = PBXBuildFile; fileRef = 1B25ED371DD806AE006EA9E9 /* AppDelegate.swift */; };
		1B25ED3A1DD806AE006EA9E9 /* ViewController.swift in Sources */ = {isa = PBXBuildFile; fileRef = 1B25ED391DD806AE006EA9E9 /* ViewController.swift */; };
		1B25ED3D1DD806AE006EA9E9 /* Main.storyboard in Resources */ = {isa = PBXBuildFile; fileRef = 1B25ED3B1DD806AE006EA9E9 /* Main.storyboard */; };
		1B25ED3F1DD806AE006EA9E9 /* Assets.xcassets in Resources */ = {isa = PBXBuildFile; fileRef = 1B25ED3E1DD806AE006EA9E9 /* Assets.xcassets */; };
		1B25ED421DD806AE006EA9E9 /* LaunchScreen.storyboard in Resources */ = {isa = PBXBuildFile; fileRef = 1B25ED401DD806AE006EA9E9 /* LaunchScreen.storyboard */; };
		1B25ED4D1DD806AF006EA9E9 /* FirstApp9Tests.swift in Sources */ = {isa = PBXBuildFile; fileRef = 1B25ED4C1DD806AF006EA9E9 /* FirstApp9Tests.swift */; };
		1B25ED581DD806AF006EA9E9 /* FirstApp9UITests.swift in Sources */ = {isa = PBXBuildFile; fileRef = 1B25ED571DD806AF006EA9E9 /* FirstApp9UITests.swift */; };
		2B81F8C98F35B0B4F6B503A0 /* Pods_FirstApp9Tests.framework in Frameworks */ = {isa = PBXBuildFile; fileRef = 4603695F65E59DAD98954E59 /* Pods_FirstApp9Tests.framework */; };
		2CF805E9E14F6C998FB74E0C /* Pods_FirstApp9UITests.framework in Frameworks */ = {isa = PBXBuildFile; fileRef = 9DF0D92B7A1A05BF5ABC919B /* Pods_FirstApp9UITests.framework */; };
/* End PBXBuildFile section */

/* Begin PBXContainerItemProxy section */
		1B25ED491DD806AF006EA9E9 /* PBXContainerItemProxy */ = {
			isa = PBXContainerItemProxy;
			containerPortal = 1B25ED2C1DD806AE006EA9E9 /* Project object */;
			proxyType = 1;
			remoteGlobalIDString = 1B25ED331DD806AE006EA9E9;
			remoteInfo = FirstApp9;
		};
		1B25ED541DD806AF006EA9E9 /* PBXContainerItemProxy */ = {
			isa = PBXContainerItemProxy;
			containerPortal = 1B25ED2C1DD806AE006EA9E9 /* Project object */;
			proxyType = 1;
			remoteGlobalIDString = 1B25ED331DD806AE006EA9E9;
			remoteInfo = FirstApp9;
		};
/* End PBXContainerItemProxy section */

/* Begin PBXFileReference section */
		0C5D03A71104A2FB4F4AE0C7 /* Pods-FirstApp9Tests.debug.xcconfig */ = {isa = PBXFileReference; includeInIndex = 1; lastKnownFileType = text.xcconfig; name = "Pods-FirstApp9Tests.debug.xcconfig"; path = "Pods/Target Support Files/Pods-FirstApp9Tests/Pods-FirstApp9Tests.debug.xcconfig"; sourceTree = "<group>"; };
		1B25ED341DD806AE006EA9E9 /* FirstApp9.app */ = {isa = PBXFileReference; explicitFileType = wrapper.application; includeInIndex = 0; path = FirstApp9.app; sourceTree = BUILT_PRODUCTS_DIR; };
		1B25ED371DD806AE006EA9E9 /* AppDelegate.swift */ = {isa = PBXFileReference; lastKnownFileType = sourcecode.swift; path = AppDelegate.swift; sourceTree = "<group>"; };
		1B25ED391DD806AE006EA9E9 /* ViewController.swift */ = {isa = PBXFileReference; lastKnownFileType = sourcecode.swift; path = ViewController.swift; sourceTree = "<group>"; };
		1B25ED3C1DD806AE006EA9E9 /* Base */ = {isa = PBXFileReference; lastKnownFileType = file.storyboard; name = Base; path = Base.lproj/Main.storyboard; sourceTree = "<group>"; };
		1B25ED3E1DD806AE006EA9E9 /* Assets.xcassets */ = {isa = PBXFileReference; lastKnownFileType = folder.assetcatalog; path = Assets.xcassets; sourceTree = "<group>"; };
		1B25ED411DD806AE006EA9E9 /* Base */ = {isa = PBXFileReference; lastKnownFileType = file.storyboard; name = Base; path = Base.lproj/LaunchScreen.storyboard; sourceTree = "<group>"; };
		1B25ED431DD806AE006EA9E9 /* Info.plist */ = {isa = PBXFileReference; lastKnownFileType = text.plist.xml; path = Info.plist; sourceTree = "<group>"; };
		1B25ED481DD806AF006EA9E9 /* FirstApp9Tests.xctest */ = {isa = PBXFileReference; explicitFileType = wrapper.cfbundle; includeInIndex = 0; path = FirstApp9Tests.xctest; sourceTree = BUILT_PRODUCTS_DIR; };
		1B25ED4C1DD806AF006EA9E9 /* FirstApp9Tests.swift */ = {isa = PBXFileReference; lastKnownFileType = sourcecode.swift; path = FirstApp9Tests.swift; sourceTree = "<group>"; };
		1B25ED4E1DD806AF006EA9E9 /* Info.plist */ = {isa = PBXFileReference; lastKnownFileType = text.plist.xml; path = Info.plist; sourceTree = "<group>"; };
		1B25ED531DD806AF006EA9E9 /* FirstApp9UITests.xctest */ = {isa = PBXFileReference; explicitFileType = wrapper.cfbundle; includeInIndex = 0; path = FirstApp9UITests.xctest; sourceTree = BUILT_PRODUCTS_DIR; };
		1B25ED571DD806AF006EA9E9 /* FirstApp9UITests.swift */ = {isa = PBXFileReference; lastKnownFileType = sourcecode.swift; path = FirstApp9UITests.swift; sourceTree = "<group>"; };
		1B25ED591DD806AF006EA9E9 /* Info.plist */ = {isa = PBXFileReference; lastKnownFileType = text.plist.xml; path = Info.plist; sourceTree = "<group>"; };
		2B2405CE1C99BFC2257DAB49 /* Pods_FirstApp9.framework */ = {isa = PBXFileReference; explicitFileType = wrapper.framework; includeInIndex = 0; path = Pods_FirstApp9.framework; sourceTree = BUILT_PRODUCTS_DIR; };
		32506BA1810FB7ED606E82AC /* Pods-FirstApp9Tests.release.xcconfig */ = {isa = PBXFileReference; includeInIndex = 1; lastKnownFileType = text.xcconfig; name = "Pods-FirstApp9Tests.release.xcconfig"; path = "Pods/Target Support Files/Pods-FirstApp9Tests/Pods-FirstApp9Tests.release.xcconfig"; sourceTree = "<group>"; };
		4603695F65E59DAD98954E59 /* Pods_FirstApp9Tests.framework */ = {isa = PBXFileReference; explicitFileType = wrapper.framework; includeInIndex = 0; path = Pods_FirstApp9Tests.framework; sourceTree = BUILT_PRODUCTS_DIR; };
		5F1EE3B82E8661A10AEC6987 /* Pods-FirstApp9.release.xcconfig */ = {isa = PBXFileReference; includeInIndex = 1; lastKnownFileType = text.xcconfig; name = "Pods-FirstApp9.release.xcconfig"; path = "Pods/Target Support Files/Pods-FirstApp9/Pods-FirstApp9.release.xcconfig"; sourceTree = "<group>"; };
		9709568373DCFC2F117F9D23 /* Pods-FirstApp9UITests.debug.xcconfig */ = {isa = PBXFileReference; includeInIndex = 1; lastKnownFileType = text.xcconfig; name = "Pods-FirstApp9UITests.debug.xcconfig"; path = "Pods/Target Support Files/Pods-FirstApp9UITests/Pods-FirstApp9UITests.debug.xcconfig"; sourceTree = "<group>"; };
		9DF0D92B7A1A05BF5ABC919B /* Pods_FirstApp9UITests.framework */ = {isa = PBXFileReference; explicitFileType = wrapper.framework; includeInIndex = 0; path = Pods_FirstApp9UITests.framework; sourceTree = BUILT_PRODUCTS_DIR; };
		D50FAC052F06C2E93791E2CE /* Pods-FirstApp9.debug.xcconfig */ = {isa = PBXFileReference; includeInIndex = 1; lastKnownFileType = text.xcconfig; name = "Pods-FirstApp9.debug.xcconfig"; path = "Pods/Target Support Files/Pods-FirstApp9/Pods-FirstApp9.debug.xcconfig"; sourceTree = "<group>"; };
		D80C755FD783CD06FF874436 /* Pods-FirstApp9UITests.release.xcconfig */ = {isa = PBXFileReference; includeInIndex = 1; lastKnownFileType = text.xcconfig; name = "Pods-FirstApp9UITests.release.xcconfig"; path = "Pods/Target Support Files/Pods-FirstApp9UITests/Pods-FirstApp9UITests.release.xcconfig"; sourceTree = "<group>"; };
/* End PBXFileReference section */

/* Begin PBXFrameworksBuildPhase section */
		1B25ED311DD806AE006EA9E9 /* Frameworks */ = {
			isa = PBXFrameworksBuildPhase;
			buildActionMask = 2147483647;
			files = (
				05D6ED991495FEEB347EDC27 /* Pods_FirstApp9.framework in Frameworks */,
			);
			runOnlyForDeploymentPostprocessing = 0;
		};
		1B25ED451DD806AF006EA9E9 /* Frameworks */ = {
			isa = PBXFrameworksBuildPhase;
			buildActionMask = 2147483647;
			files = (
				2B81F8C98F35B0B4F6B503A0 /* Pods_FirstApp9Tests.framework in Frameworks */,
			);
			runOnlyForDeploymentPostprocessing = 0;
		};
		1B25ED501DD806AF006EA9E9 /* Frameworks */ = {
			isa = PBXFrameworksBuildPhase;
			buildActionMask = 2147483647;
			files = (
				2CF805E9E14F6C998FB74E0C /* Pods_FirstApp9UITests.framework in Frameworks */,
			);
			runOnlyForDeploymentPostprocessing = 0;
		};
/* End PBXFrameworksBuildPhase section */

/* Begin PBXGroup section */
		1B25ED2B1DD806AE006EA9E9 = {
			isa = PBXGroup;
			children = (
				1B25ED361DD806AE006EA9E9 /* FirstApp9 */,
				1B25ED4B1DD806AF006EA9E9 /* FirstApp9Tests */,
				1B25ED561DD806AF006EA9E9 /* FirstApp9UITests */,
				1B25ED351DD806AE006EA9E9 /* Products */,
				D5E006EEB0E457DB8E62E125 /* Pods */,
				E43393254467C558AC8F7C77 /* Frameworks */,
			);
			sourceTree = "<group>";
		};
		1B25ED351DD806AE006EA9E9 /* Products */ = {
			isa = PBXGroup;
			children = (
				1B25ED341DD806AE006EA9E9 /* FirstApp9.app */,
				1B25ED481DD806AF006EA9E9 /* FirstApp9Tests.xctest */,
				1B25ED531DD806AF006EA9E9 /* FirstApp9UITests.xctest */,
			);
			name = Products;
			sourceTree = "<group>";
		};
		1B25ED361DD806AE006EA9E9 /* FirstApp9 */ = {
			isa = PBXGroup;
			children = (
				1B25ED371DD806AE006EA9E9 /* AppDelegate.swift */,
				1B25ED391DD806AE006EA9E9 /* ViewController.swift */,
				1B25ED3B1DD806AE006EA9E9 /* Main.storyboard */,
				1B25ED3E1DD806AE006EA9E9 /* Assets.xcassets */,
				1B25ED401DD806AE006EA9E9 /* LaunchScreen.storyboard */,
				1B25ED431DD806AE006EA9E9 /* Info.plist */,
			);
			path = FirstApp9;
			sourceTree = "<group>";
		};
		1B25ED4B1DD806AF006EA9E9 /* FirstApp9Tests */ = {
			isa = PBXGroup;
			children = (
				1B25ED4C1DD806AF006EA9E9 /* FirstApp9Tests.swift */,
				1B25ED4E1DD806AF006EA9E9 /* Info.plist */,
			);
			path = FirstApp9Tests;
			sourceTree = "<group>";
		};
		1B25ED561DD806AF006EA9E9 /* FirstApp9UITests */ = {
			isa = PBXGroup;
			children = (
				1B25ED571DD806AF006EA9E9 /* FirstApp9UITests.swift */,
				1B25ED591DD806AF006EA9E9 /* Info.plist */,
			);
			path = FirstApp9UITests;
			sourceTree = "<group>";
		};
		D5E006EEB0E457DB8E62E125 /* Pods */ = {
			isa = PBXGroup;
			children = (
				D50FAC052F06C2E93791E2CE /* Pods-FirstApp9.debug.xcconfig */,
				5F1EE3B82E8661A10AEC6987 /* Pods-FirstApp9.release.xcconfig */,
				0C5D03A71104A2FB4F4AE0C7 /* Pods-FirstApp9Tests.debug.xcconfig */,
				32506BA1810FB7ED606E82AC /* Pods-FirstApp9Tests.release.xcconfig */,
				9709568373DCFC2F117F9D23 /* Pods-FirstApp9UITests.debug.xcconfig */,
				D80C755FD783CD06FF874436 /* Pods-FirstApp9UITests.release.xcconfig */,
			);
			name = Pods;
			sourceTree = "<group>";
		};
		E43393254467C558AC8F7C77 /* Frameworks */ = {
			isa = PBXGroup;
			children = (
				2B2405CE1C99BFC2257DAB49 /* Pods_FirstApp9.framework */,
				4603695F65E59DAD98954E59 /* Pods_FirstApp9Tests.framework */,
				9DF0D92B7A1A05BF5ABC919B /* Pods_FirstApp9UITests.framework */,
			);
			name = Frameworks;
			sourceTree = "<group>";
		};
/* End PBXGroup section */

/* Begin PBXNativeTarget section */
		1B25ED331DD806AE006EA9E9 /* FirstApp9 */ = {
			isa = PBXNativeTarget;
			buildConfigurationList = 1B25ED5C1DD806AF006EA9E9 /* Build configuration list for PBXNativeTarget "FirstApp9" */;
			buildPhases = (
				F9969E202987AFED0BBF36DC /* [CP] Check Pods Manifest.lock */,
				1B25ED301DD806AE006EA9E9 /* Sources */,
				1B25ED311DD806AE006EA9E9 /* Frameworks */,
				1B25ED321DD806AE006EA9E9 /* Resources */,
				5B427C879A5D781600E2A58A /* [CP] Embed Pods Frameworks */,
				7F0A71D88D44A0B7B88516C2 /* [CP] Copy Pods Resources */,
			);
			buildRules = (
			);
			dependencies = (
			);
			name = FirstApp9;
			productName = FirstApp9;
			productReference = 1B25ED341DD806AE006EA9E9 /* FirstApp9.app */;
			productType = "com.apple.product-type.application";
		};
		1B25ED471DD806AF006EA9E9 /* FirstApp9Tests */ = {
			isa = PBXNativeTarget;
			buildConfigurationList = 1B25ED5F1DD806AF006EA9E9 /* Build configuration list for PBXNativeTarget "FirstApp9Tests" */;
			buildPhases = (
				FA2B0664C76809B286A23830 /* [CP] Check Pods Manifest.lock */,
				1B25ED441DD806AF006EA9E9 /* Sources */,
				1B25ED451DD806AF006EA9E9 /* Frameworks */,
				1B25ED461DD806AF006EA9E9 /* Resources */,
				10407183CBF013614012F273 /* [CP] Embed Pods Frameworks */,
				E7529A7BFE74268481D9062B /* [CP] Copy Pods Resources */,
			);
			buildRules = (
			);
			dependencies = (
				1B25ED4A1DD806AF006EA9E9 /* PBXTargetDependency */,
			);
			name = FirstApp9Tests;
			productName = FirstApp9Tests;
			productReference = 1B25ED481DD806AF006EA9E9 /* FirstApp9Tests.xctest */;
			productType = "com.apple.product-type.bundle.unit-test";
		};
		1B25ED521DD806AF006EA9E9 /* FirstApp9UITests */ = {
			isa = PBXNativeTarget;
			buildConfigurationList = 1B25ED621DD806AF006EA9E9 /* Build configuration list for PBXNativeTarget "FirstApp9UITests" */;
			buildPhases = (
				ABCCA6AEC0796417D5BA0311 /* [CP] Check Pods Manifest.lock */,
				1B25ED4F1DD806AF006EA9E9 /* Sources */,
				1B25ED501DD806AF006EA9E9 /* Frameworks */,
				1B25ED511DD806AF006EA9E9 /* Resources */,
				14E18F3282F6FFB6929D05D6 /* [CP] Embed Pods Frameworks */,
				4E52382F14C1C4C876DC4DF7 /* [CP] Copy Pods Resources */,
			);
			buildRules = (
			);
			dependencies = (
				1B25ED551DD806AF006EA9E9 /* PBXTargetDependency */,
			);
			name = FirstApp9UITests;
			productName = FirstApp9UITests;
			productReference = 1B25ED531DD806AF006EA9E9 /* FirstApp9UITests.xctest */;
			productType = "com.apple.product-type.bundle.ui-testing";
		};
/* End PBXNativeTarget section */

/* Begin PBXProject section */
		1B25ED2C1DD806AE006EA9E9 /* Project object */ = {
			isa = PBXProject;
			attributes = {
				LastSwiftUpdateCheck = 0810;
				LastUpgradeCheck = 0810;
				ORGANIZATIONNAME = "Rajesh M";
				TargetAttributes = {
					1B25ED331DD806AE006EA9E9 = {
						CreatedOnToolsVersion = 8.1;
						ProvisioningStyle = Automatic;
					};
					1B25ED471DD806AF006EA9E9 = {
						CreatedOnToolsVersion = 8.1;
						ProvisioningStyle = Automatic;
						TestTargetID = 1B25ED331DD806AE006EA9E9;
					};
					1B25ED521DD806AF006EA9E9 = {
						CreatedOnToolsVersion = 8.1;
						ProvisioningStyle = Automatic;
						TestTargetID = 1B25ED331DD806AE006EA9E9;
					};
				};
			};
			buildConfigurationList = 1B25ED2F1DD806AE006EA9E9 /* Build configuration list for PBXProject "FirstApp9" */;
			compatibilityVersion = "Xcode 3.2";
			developmentRegion = English;
			hasScannedForEncodings = 0;
			knownRegions = (
				en,
				Base,
			);
			mainGroup = 1B25ED2B1DD806AE006EA9E9;
			productRefGroup = 1B25ED351DD806AE006EA9E9 /* Products */;
			projectDirPath = "";
			projectRoot = "";
			targets = (
				1B25ED331DD806AE006EA9E9 /* FirstApp9 */,
				1B25ED471DD806AF006EA9E9 /* FirstApp9Tests */,
				1B25ED521DD806AF006EA9E9 /* FirstApp9UITests */,
			);
		};
/* End PBXProject section */

/* Begin PBXResourcesBuildPhase section */
		1B25ED321DD806AE006EA9E9 /* Resources */ = {
			isa = PBXResourcesBuildPhase;
			buildActionMask = 2147483647;
			files = (
				1B25ED421DD806AE006EA9E9 /* LaunchScreen.storyboard in Resources */,
				1B25ED3F1DD806AE006EA9E9 /* Assets.xcassets in Resources */,
				1B25ED3D1DD806AE006EA9E9 /* Main.storyboard in Resources */,
			);
			runOnlyForDeploymentPostprocessing = 0;
		};
		1B25ED461DD806AF006EA9E9 /* Resources */ = {
			isa = PBXResourcesBuildPhase;
			buildActionMask = 2147483647;
			files = (
			);
			runOnlyForDeploymentPostprocessing = 0;
		};
		1B25ED511DD806AF006EA9E9 /* Resources */ = {
			isa = PBXResourcesBuildPhase;
			buildActionMask = 2147483647;
			files = (
			);
			runOnlyForDeploymentPostprocessing = 0;
		};
/* End PBXResourcesBuildPhase section */

/* Begin PBXShellScriptBuildPhase section */
		10407183CBF013614012F273 /* [CP] Embed Pods Frameworks */ = {
			isa = PBXShellScriptBuildPhase;
			buildActionMask = 2147483647;
			files = (
			);
			inputPaths = (
			);
			name = "[CP] Embed Pods Frameworks";
			outputPaths = (
			);
			runOnlyForDeploymentPostprocessing = 0;
			shellPath = /bin/sh;
			shellScript = "\"${SRCROOT}/Pods/Target Support Files/Pods-FirstApp9Tests/Pods-FirstApp9Tests-frameworks.sh\"\n";
			showEnvVarsInLog = 0;
		};
		14E18F3282F6FFB6929D05D6 /* [CP] Embed Pods Frameworks */ = {
			isa = PBXShellScriptBuildPhase;
			buildActionMask = 2147483647;
			files = (
			);
			inputPaths = (
			);
			name = "[CP] Embed Pods Frameworks";
			outputPaths = (
			);
			runOnlyForDeploymentPostprocessing = 0;
			shellPath = /bin/sh;
			shellScript = "\"${SRCROOT}/Pods/Target Support Files/Pods-FirstApp9UITests/Pods-FirstApp9UITests-frameworks.sh\"\n";
			showEnvVarsInLog = 0;
		};
		4E52382F14C1C4C876DC4DF7 /* [CP] Copy Pods Resources */ = {
			isa = PBXShellScriptBuildPhase;
			buildActionMask = 2147483647;
			files = (
			);
			inputPaths = (
			);
			name = "[CP] Copy Pods Resources";
			outputPaths = (
			);
			runOnlyForDeploymentPostprocessing = 0;
			shellPath = /bin/sh;
			shellScript = "\"${SRCROOT}/Pods/Target Support Files/Pods-FirstApp9UITests/Pods-FirstApp9UITests-resources.sh\"\n";
			showEnvVarsInLog = 0;
		};
		5B427C879A5D781600E2A58A /* [CP] Embed Pods Frameworks */ = {
			isa = PBXShellScriptBuildPhase;
			buildActionMask = 2147483647;
			files = (
			);
			inputPaths = (
			);
			name = "[CP] Embed Pods Frameworks";
			outputPaths = (
			);
			runOnlyForDeploymentPostprocessing = 0;
			shellPath = /bin/sh;
			shellScript = "\"${SRCROOT}/Pods/Target Support Files/Pods-FirstApp9/Pods-FirstApp9-frameworks.sh\"\n";
			showEnvVarsInLog = 0;
		};
		7F0A71D88D44A0B7B88516C2 /* [CP] Copy Pods Resources */ = {
			isa = PBXShellScriptBuildPhase;
			buildActionMask = 2147483647;
			files = (
			);
			inputPaths = (
			);
			name = "[CP] Copy Pods Resources";
			outputPaths = (
			);
			runOnlyForDeploymentPostprocessing = 0;
			shellPath = /bin/sh;
			shellScript = "\"${SRCROOT}/Pods/Target Support Files/Pods-FirstApp9/Pods-FirstApp9-resources.sh\"\n";
			showEnvVarsInLog = 0;
		};
		ABCCA6AEC0796417D5BA0311 /* [CP] Check Pods Manifest.lock */ = {
			isa = PBXShellScriptBuildPhase;
			buildActionMask = 2147483647;
			files = (
			);
			inputPaths = (
			);
			name = "[CP] Check Pods Manifest.lock";
			outputPaths = (
			);
			runOnlyForDeploymentPostprocessing = 0;
			shellPath = /bin/sh;
			shellScript = "diff \"${PODS_ROOT}/../Podfile.lock\" \"${PODS_ROOT}/Manifest.lock\" > /dev/null\nif [ $? != 0 ] ; then\n    # print error to STDERR\n    echo \"error: The sandbox is not in sync with the Podfile.lock. Run 'pod install' or update your CocoaPods installation.\" >&2\n    exit 1\nfi\n";
			showEnvVarsInLog = 0;
		};
		E7529A7BFE74268481D9062B /* [CP] Copy Pods Resources */ = {
			isa = PBXShellScriptBuildPhase;
			buildActionMask = 2147483647;
			files = (
			);
			inputPaths = (
			);
			name = "[CP] Copy Pods Resources";
			outputPaths = (
			);
			runOnlyForDeploymentPostprocessing = 0;
			shellPath = /bin/sh;
			shellScript = "\"${SRCROOT}/Pods/Target Support Files/Pods-FirstApp9Tests/Pods-FirstApp9Tests-resources.sh\"\n";
			showEnvVarsInLog = 0;
		};
		F9969E202987AFED0BBF36DC /* [CP] Check Pods Manifest.lock */ = {
			isa = PBXShellScriptBuildPhase;
			buildActionMask = 2147483647;
			files = (
			);
			inputPaths = (
			);
			name = "[CP] Check Pods Manifest.lock";
			outputPaths = (
			);
			runOnlyForDeploymentPostprocessing = 0;
			shellPath = /bin/sh;
			shellScript = "diff \"${PODS_ROOT}/../Podfile.lock\" \"${PODS_ROOT}/Manifest.lock\" > /dev/null\nif [ $? != 0 ] ; then\n    # print error to STDERR\n    echo \"error: The sandbox is not in sync with the Podfile.lock. Run 'pod install' or update your CocoaPods installation.\" >&2\n    exit 1\nfi\n";
			showEnvVarsInLog = 0;
		};
		FA2B0664C76809B286A23830 /* [CP] Check Pods Manifest.lock */ = {
			isa = PBXShellScriptBuildPhase;
			buildActionMask = 2147483647;
			files = (
			);
			inputPaths = (
			);
			name = "[CP] Check Pods Manifest.lock";
			outputPaths = (
			);
			runOnlyForDeploymentPostprocessing = 0;
			shellPath = /bin/sh;
			shellScript = "diff \"${PODS_ROOT}/../Podfile.lock\" \"${PODS_ROOT}/Manifest.lock\" > /dev/null\nif [ $? != 0 ] ; then\n    # print error to STDERR\n    echo \"error: The sandbox is not in sync with the Podfile.lock. Run 'pod install' or update your CocoaPods installation.\" >&2\n    exit 1\nfi\n";
			showEnvVarsInLog = 0;
		};
/* End PBXShellScriptBuildPhase section */

/* Begin PBXSourcesBuildPhase section */
		1B25ED301DD806AE006EA9E9 /* Sources */ = {
			isa = PBXSourcesBuildPhase;
			buildActionMask = 2147483647;
			files = (
				1B25ED3A1DD806AE006EA9E9 /* ViewController.swift in Sources */,
				1B25ED381DD806AE006EA9E9 /* AppDelegate.swift in Sources */,
			);
			runOnlyForDeploymentPostprocessing = 0;
		};
		1B25ED441DD806AF006EA9E9 /* Sources */ = {
			isa = PBXSourcesBuildPhase;
			buildActionMask = 2147483647;
			files = (
				1B25ED4D1DD806AF006EA9E9 /* FirstApp9Tests.swift in Sources */,
			);
			runOnlyForDeploymentPostprocessing = 0;
		};
		1B25ED4F1DD806AF006EA9E9 /* Sources */ = {
			isa = PBXSourcesBuildPhase;
			buildActionMask = 2147483647;
			files = (
				1B25ED581DD806AF006EA9E9 /* FirstApp9UITests.swift in Sources */,
			);
			runOnlyForDeploymentPostprocessing = 0;
		};
/* End PBXSourcesBuildPhase section */

/* Begin PBXTargetDependency section */
		1B25ED4A1DD806AF006EA9E9 /* PBXTargetDependency */ = {
			isa = PBXTargetDependency;
			target = 1B25ED331DD806AE006EA9E9 /* FirstApp9 */;
			targetProxy = 1B25ED491DD806AF006EA9E9 /* PBXContainerItemProxy */;
		};
		1B25ED551DD806AF006EA9E9 /* PBXTargetDependency */ = {
			isa = PBXTargetDependency;
			target = 1B25ED331DD806AE006EA9E9 /* FirstApp9 */;
			targetProxy = 1B25ED541DD806AF006EA9E9 /* PBXContainerItemProxy */;
		};
/* End PBXTargetDependency section */

/* Begin PBXVariantGroup section */
		1B25ED3B1DD806AE006EA9E9 /* Main.storyboard */ = {
			isa = PBXVariantGroup;
			children = (
				1B25ED3C1DD806AE006EA9E9 /* Base */,
			);
			name = Main.storyboard;
			sourceTree = "<group>";
		};
		1B25ED401DD806AE006EA9E9 /* LaunchScreen.storyboard */ = {
			isa = PBXVariantGroup;
			children = (
				1B25ED411DD806AE006EA9E9 /* Base */,
			);
			name = LaunchScreen.storyboard;
			sourceTree = "<group>";
		};
/* End PBXVariantGroup section */

/* Begin XCBuildConfiguration section */
		1B25ED5A1DD806AF006EA9E9 /* Debug */ = {
			isa = XCBuildConfiguration;
			buildSettings = {
				ALWAYS_SEARCH_USER_PATHS = NO;
				CLANG_ANALYZER_NONNULL = YES;
				CLANG_CXX_LANGUAGE_STANDARD = "gnu++0x";
				CLANG_CXX_LIBRARY = "libc++";
				CLANG_ENABLE_MODULES = YES;
				CLANG_ENABLE_OBJC_ARC = YES;
				CLANG_WARN_BOOL_CONVERSION = YES;
				CLANG_WARN_CONSTANT_CONVERSION = YES;
				CLANG_WARN_DIRECT_OBJC_ISA_USAGE = YES_ERROR;
				CLANG_WARN_DOCUMENTATION_COMMENTS = YES;
				CLANG_WARN_EMPTY_BODY = YES;
				CLANG_WARN_ENUM_CONVERSION = YES;
				CLANG_WARN_INFINITE_RECURSION = YES;
				CLANG_WARN_INT_CONVERSION = YES;
				CLANG_WARN_OBJC_ROOT_CLASS = YES_ERROR;
				CLANG_WARN_SUSPICIOUS_MOVES = YES;
				CLANG_WARN_UNREACHABLE_CODE = YES;
				CLANG_WARN__DUPLICATE_METHOD_MATCH = YES;
				"CODE_SIGN_IDENTITY[sdk=iphoneos*]" = "iPhone Developer";
				COPY_PHASE_STRIP = NO;
				DEBUG_INFORMATION_FORMAT = dwarf;
				ENABLE_STRICT_OBJC_MSGSEND = YES;
				ENABLE_TESTABILITY = YES;
				GCC_C_LANGUAGE_STANDARD = gnu99;
				GCC_DYNAMIC_NO_PIC = NO;
				GCC_NO_COMMON_BLOCKS = YES;
				GCC_OPTIMIZATION_LEVEL = 0;
				GCC_PREPROCESSOR_DEFINITIONS = (
					"DEBUG=1",
					"$(inherited)",
				);
				GCC_WARN_64_TO_32_BIT_CONVERSION = YES;
				GCC_WARN_ABOUT_RETURN_TYPE = YES_ERROR;
				GCC_WARN_UNDECLARED_SELECTOR = YES;
				GCC_WARN_UNINITIALIZED_AUTOS = YES_AGGRESSIVE;
				GCC_WARN_UNUSED_FUNCTION = YES;
				GCC_WARN_UNUSED_VARIABLE = YES;
				IPHONEOS_DEPLOYMENT_TARGET = 10.1;
				MTL_ENABLE_DEBUG_INFO = YES;
				ONLY_ACTIVE_ARCH = YES;
				SDKROOT = iphoneos;
				SWIFT_ACTIVE_COMPILATION_CONDITIONS = DEBUG;
				SWIFT_OPTIMIZATION_LEVEL = "-Onone";
				TARGETED_DEVICE_FAMILY = "1,2";
			};
			name = Debug;
		};
		1B25ED5B1DD806AF006EA9E9 /* Release */ = {
			isa = XCBuildConfiguration;
			buildSettings = {
				ALWAYS_SEARCH_USER_PATHS = NO;
				CLANG_ANALYZER_NONNULL = YES;
				CLANG_CXX_LANGUAGE_STANDARD = "gnu++0x";
				CLANG_CXX_LIBRARY = "libc++";
				CLANG_ENABLE_MODULES = YES;
				CLANG_ENABLE_OBJC_ARC = YES;
				CLANG_WARN_BOOL_CONVERSION = YES;
				CLANG_WARN_CONSTANT_CONVERSION = YES;
				CLANG_WARN_DIRECT_OBJC_ISA_USAGE = YES_ERROR;
				CLANG_WARN_DOCUMENTATION_COMMENTS = YES;
				CLANG_WARN_EMPTY_BODY = YES;
				CLANG_WARN_ENUM_CONVERSION = YES;
				CLANG_WARN_INFINITE_RECURSION = YES;
				CLANG_WARN_INT_CONVERSION = YES;
				CLANG_WARN_OBJC_ROOT_CLASS = YES_ERROR;
				CLANG_WARN_SUSPICIOUS_MOVES = YES;
				CLANG_WARN_UNREACHABLE_CODE = YES;
				CLANG_WARN__DUPLICATE_METHOD_MATCH = YES;
				"CODE_SIGN_IDENTITY[sdk=iphoneos*]" = "iPhone Developer";
				COPY_PHASE_STRIP = NO;
				DEBUG_INFORMATION_FORMAT = "dwarf-with-dsym";
				ENABLE_NS_ASSERTIONS = NO;
				ENABLE_STRICT_OBJC_MSGSEND = YES;
				GCC_C_LANGUAGE_STANDARD = gnu99;
				GCC_NO_COMMON_BLOCKS = YES;
				GCC_WARN_64_TO_32_BIT_CONVERSION = YES;
				GCC_WARN_ABOUT_RETURN_TYPE = YES_ERROR;
				GCC_WARN_UNDECLARED_SELECTOR = YES;
				GCC_WARN_UNINITIALIZED_AUTOS = YES_AGGRESSIVE;
				GCC_WARN_UNUSED_FUNCTION = YES;
				GCC_WARN_UNUSED_VARIABLE = YES;
				IPHONEOS_DEPLOYMENT_TARGET = 10.1;
				MTL_ENABLE_DEBUG_INFO = NO;
				SDKROOT = iphoneos;
				SWIFT_OPTIMIZATION_LEVEL = "-Owholemodule";
				TARGETED_DEVICE_FAMILY = "1,2";
				VALIDATE_PRODUCT = YES;
			};
			name = Release;
		};
		1B25ED5D1DD806AF006EA9E9 /* Debug */ = {
			isa = XCBuildConfiguration;
			baseConfigurationReference = D50FAC052F06C2E93791E2CE /* Pods-FirstApp9.debug.xcconfig */;
			buildSettings = {
				ASSETCATALOG_COMPILER_APPICON_NAME = AppIcon;
				INFOPLIST_FILE = FirstApp9/Info.plist;
				LD_RUNPATH_SEARCH_PATHS = "$(inherited) @executable_path/Frameworks";
				PRODUCT_BUNDLE_IDENTIFIER = com.sasvathTec.FirstApp9;
				PRODUCT_NAME = "$(TARGET_NAME)";
				SWIFT_VERSION = 3.0;
			};
			name = Debug;
		};
		1B25ED5E1DD806AF006EA9E9 /* Release */ = {
			isa = XCBuildConfiguration;
			baseConfigurationReference = 5F1EE3B82E8661A10AEC6987 /* Pods-FirstApp9.release.xcconfig */;
			buildSettings = {
				ASSETCATALOG_COMPILER_APPICON_NAME = AppIcon;
				INFOPLIST_FILE = FirstApp9/Info.plist;
				LD_RUNPATH_SEARCH_PATHS = "$(inherited) @executable_path/Frameworks";
				PRODUCT_BUNDLE_IDENTIFIER = com.sasvathTec.FirstApp9;
				PRODUCT_NAME = "$(TARGET_NAME)";
				SWIFT_VERSION = 3.0;
			};
			name = Release;
		};
		1B25ED601DD806AF006EA9E9 /* Debug */ = {
			isa = XCBuildConfiguration;
			baseConfigurationReference = 0C5D03A71104A2FB4F4AE0C7 /* Pods-FirstApp9Tests.debug.xcconfig */;
			buildSettings = {
				ALWAYS_EMBED_SWIFT_STANDARD_LIBRARIES = YES;
				BUNDLE_LOADER = "$(TEST_HOST)";
				INFOPLIST_FILE = FirstApp9Tests/Info.plist;
				LD_RUNPATH_SEARCH_PATHS = "$(inherited) @executable_path/Frameworks @loader_path/Frameworks";
				PRODUCT_BUNDLE_IDENTIFIER = com.sasvathTec.FirstApp9Tests;
				PRODUCT_NAME = "$(TARGET_NAME)";
				SWIFT_VERSION = 3.0;
				TEST_HOST = "$(BUILT_PRODUCTS_DIR)/FirstApp9.app/FirstApp9";
			};
			name = Debug;
		};
		1B25ED611DD806AF006EA9E9 /* Release */ = {
			isa = XCBuildConfiguration;
			baseConfigurationReference = 32506BA1810FB7ED606E82AC /* Pods-FirstApp9Tests.release.xcconfig */;
			buildSettings = {
				ALWAYS_EMBED_SWIFT_STANDARD_LIBRARIES = YES;
				BUNDLE_LOADER = "$(TEST_HOST)";
				INFOPLIST_FILE = FirstApp9Tests/Info.plist;
				LD_RUNPATH_SEARCH_PATHS = "$(inherited) @executable_path/Frameworks @loader_path/Frameworks";
				PRODUCT_BUNDLE_IDENTIFIER = com.sasvathTec.FirstApp9Tests;
				PRODUCT_NAME = "$(TARGET_NAME)";
				SWIFT_VERSION = 3.0;
				TEST_HOST = "$(BUILT_PRODUCTS_DIR)/FirstApp9.app/FirstApp9";
			};
			name = Release;
		};
		1B25ED631DD806AF006EA9E9 /* Debug */ = {
			isa = XCBuildConfiguration;
			baseConfigurationReference = 9709568373DCFC2F117F9D23 /* Pods-FirstApp9UITests.debug.xcconfig */;
			buildSettings = {
				ALWAYS_EMBED_SWIFT_STANDARD_LIBRARIES = YES;
				INFOPLIST_FILE = FirstApp9UITests/Info.plist;
				LD_RUNPATH_SEARCH_PATHS = "$(inherited) @executable_path/Frameworks @loader_path/Frameworks";
				PRODUCT_BUNDLE_IDENTIFIER = com.sasvathTec.FirstApp9UITests;
				PRODUCT_NAME = "$(TARGET_NAME)";
				SWIFT_VERSION = 3.0;
				TEST_TARGET_NAME = FirstApp9;
			};
			name = Debug;
		};
		1B25ED641DD806AF006EA9E9 /* Release */ = {
			isa = XCBuildConfiguration;
			baseConfigurationReference = D80C755FD783CD06FF874436 /* Pods-FirstApp9UITests.release.xcconfig */;
			buildSettings = {
				ALWAYS_EMBED_SWIFT_STANDARD_LIBRARIES = YES;
				INFOPLIST_FILE = FirstApp9UITests/Info.plist;
				LD_RUNPATH_SEARCH_PATHS = "$(inherited) @executable_path/Frameworks @loader_path/Frameworks";
				PRODUCT_BUNDLE_IDENTIFIER = com.sasvathTec.FirstApp9UITests;
				PRODUCT_NAME = "$(TARGET_NAME)";
				SWIFT_VERSION = 3.0;
				TEST_TARGET_NAME = FirstApp9;
			};
			name = Release;
		};
/* End XCBuildConfiguration section */

/* Begin XCConfigurationList section */
		1B25ED2F1DD806AE006EA9E9 /* Build configuration list for PBXProject "FirstApp9" */ = {
			isa = XCConfigurationList;
			buildConfigurations = (
				1B25ED5A1DD806AF006EA9E9 /* Debug */,
				1B25ED5B1DD806AF006EA9E9 /* Release */,
			);
			defaultConfigurationIsVisible = 0;
			defaultConfigurationName = Release;
		};
		1B25ED5C1DD806AF006EA9E9 /* Build configuration list for PBXNativeTarget "FirstApp9" */ = {
			isa = XCConfigurationList;
			buildConfigurations = (
				1B25ED5D1DD806AF006EA9E9 /* Debug */,
				1B25ED5E1DD806AF006EA9E9 /* Release */,
			);
			defaultConfigurationIsVisible = 0;
		};
		1B25ED5F1DD806AF006EA9E9 /* Build configuration list for PBXNativeTarget "FirstApp9Tests" */ = {
			isa = XCConfigurationList;
			buildConfigurations = (
				1B25ED601DD806AF006EA9E9 /* Debug */,
				1B25ED611DD806AF006EA9E9 /* Release */,
			);
			defaultConfigurationIsVisible = 0;
		};
		1B25ED621DD806AF006EA9E9 /* Build configuration list for PBXNativeTarget "FirstApp9UITests" */ = {
			isa = XCConfigurationList;
			buildConfigurations = (
				1B25ED631DD806AF006EA9E9 /* Debug */,
				1B25ED641DD806AF006EA9E9 /* Release */,
			);
			defaultConfigurationIsVisible = 0;
		};
/* End XCConfigurationList section */
	};
	rootObject = 1B25ED2C1DD806AE006EA9E9 /* Project object */;
}
